
Microsoft Visual Studio Solution File, Format Version 12.00
# Visual Studio Version 17
VisualStudioVersion = 17.5.002.0
MinimumVisualStudioVersion = 10.0.40219.1
Project("{9A19103F-16F7-4668-BE54-9A1E7A4F7556}") = "GeradorDeEscala", "GeradorDeEscala.csproj", "{D00B9E72-B091-4B2B-9F83-B903447E985E}"
EndProject
Global
	GlobalSection(SolutionConfigurationPlatforms) = preSolution
		Debug|Any CPU = Debug|Any CPU
		Release|Any CPU = Release|Any CPU
	EndGlobalSection
	GlobalSection(ProjectConfigurationPlatforms) = postSolution
		{D00B9E72-B091-4B2B-9F83-B903447E985E}.Debug|Any CPU.ActiveCfg = Debug|Any CPU
		{D00B9E72-B091-4B2B-9F83-B903447E985E}.Debug|Any CPU.Build.0 = Debug|Any CPU
		{D00B9E72-B091-4B2B-9F83-B903447E985E}.Release|Any CPU.ActiveCfg = Release|Any CPU
		{D00B9E72-B091-4B2B-9F83-B903447E985E}.Release|Any CPU.Build.0 = Release|Any CPU
	EndGlobalSection
	GlobalSection(SolutionProperties) = preSolution
		HideSolutionNode = FALSE
	EndGlobalSection
	GlobalSection(ExtensibilityGlobals) = postSolution
		SolutionGuid = {BCA0A0C8-D335-4CA7-AA92-BC03D6BE5DF2}
	EndGlobalSection
EndGlobal
